// !$*UTF8*$!
{
	archiveVersion = 1;
	classes = {
	};
	objectVersion = 56;
	objects = {

/* Begin PBXBuildFile section */
		8CFFF0B12DDF917B00F8CE7E /* SampleAppForHelpshiftApp.swift in Sources */ = {isa = PBXBuildFile; fileRef = 8CFFF0B02DDF917B00F8CE7E /* SampleAppForHelpshiftApp.swift */; };
		8CFFF0B32DDF917B00F8CE7E /* ContentView.swift in Sources */ = {isa = PBXBuildFile; fileRef = 8CFFF0B22DDF917B00F8CE7E /* ContentView.swift */; };
		8CFFF0B52DDF917E00F8CE7E /* Assets.xcassets in Resources */ = {isa = PBXBuildFile; fileRef = 8CFFF0B42DDF917E00F8CE7E /* Assets.xcassets */; };
		8CFFF0B82DDF917E00F8CE7E /* Preview Assets.xcassets in Resources */ = {isa = PBXBuildFile; fileRef = 8CFFF0B72DDF917E00F8CE7E /* Preview Assets.xcassets */; };
		8CFFF0C22DDF917E00F8CE7E /* SampleAppForHelpshiftTests.swift in Sources */ = {isa = PBXBuildFile; fileRef = 8CFFF0C12DDF917E00F8CE7E /* SampleAppForHelpshiftTests.swift */; };
		8CFFF0CC2DDF917E00F8CE7E /* SampleAppForHelpshiftUITests.swift in Sources */ = {isa = PBXBuildFile; fileRef = 8CFFF0CB2DDF917E00F8CE7E /* SampleAppForHelpshiftUITests.swift */; };
		8CFFF0CE2DDF917E00F8CE7E /* SampleAppForHelpshiftUITestsLaunchTests.swift in Sources */ = {isa = PBXBuildFile; fileRef = 8CFFF0CD2DDF917E00F8CE7E /* SampleAppForHelpshiftUITestsLaunchTests.swift */; };
		8CFFF0DB2DDF93D800F8CE7E /* DashboardView.swift in Sources */ = {isa = PBXBuildFile; fileRef = 8CFFF0DA2DDF93D800F8CE7E /* DashboardView.swift */; };
		8CFFF0DC2DDF93D800F8CE7E /* DashboardView.swift in Sources */ = {isa = PBXBuildFile; fileRef = 8CFFF0DA2DDF93D800F8CE7E /* DashboardView.swift */; };
		8CFFF0DD2DDF93D800F8CE7E /* DashboardView.swift in Sources */ = {isa = PBXBuildFile; fileRef = 8CFFF0DA2DDF93D800F8CE7E /* DashboardView.swift */; };
		8CFFF0DF2DDF955700F8CE7E /* EditView.swift in Sources */ = {isa = PBXBuildFile; fileRef = 8CFFF0DE2DDF955700F8CE7E /* EditView.swift */; };
		8CFFF0E02DDF955700F8CE7E /* EditView.swift in Sources */ = {isa = PBXBuildFile; fileRef = 8CFFF0DE2DDF955700F8CE7E /* EditView.swift */; };
		8CFFF0E12DDF955700F8CE7E /* EditView.swift in Sources */ = {isa = PBXBuildFile; fileRef = 8CFFF0DE2DDF955700F8CE7E /* EditView.swift */; };
		8CFFF0E32DDF9A6900F8CE7E /* HelpshiftView.swift in Sources */ = {isa = PBXBuildFile; fileRef = 8CFFF0E22DDF9A6900F8CE7E /* HelpshiftView.swift */; };
		8CFFF0E42DDF9A6900F8CE7E /* HelpshiftView.swift in Sources */ = {isa = PBXBuildFile; fileRef = 8CFFF0E22DDF9A6900F8CE7E /* HelpshiftView.swift */; };
		8CFFF0E52DDF9A6900F8CE7E /* HelpshiftView.swift in Sources */ = {isa = PBXBuildFile; fileRef = 8CFFF0E22DDF9A6900F8CE7E /* HelpshiftView.swift */; };
		8CFFF0E82DDFA14000F8CE7E /* HelpshiftX in Frameworks */ = {isa = PBXBuildFile; productRef = 8CFFF0E72DDFA14000F8CE7E /* HelpshiftX */; };
/* End PBXBuildFile section */

/* Begin PBXContainerItemProxy section */
		8CFFF0BE2DDF917E00F8CE7E /* PBXContainerItemProxy */ = {
			isa = PBXContainerItemProxy;
			containerPortal = 8CFFF0A52DDF917B00F8CE7E /* Project object */;
			proxyType = 1;
			remoteGlobalIDString = 8CFFF0AC2DDF917B00F8CE7E;
			remoteInfo = SampleAppForHelpshift;
		};
		8CFFF0C82DDF917E00F8CE7E /* PBXContainerItemProxy */ = {
			isa = PBXContainerItemProxy;
			containerPortal = 8CFFF0A52DDF917B00F8CE7E /* Project object */;
			proxyType = 1;
			remoteGlobalIDString = 8CFFF0AC2DDF917B00F8CE7E;
			remoteInfo = SampleAppForHelpshift;
		};
/* End PBXContainerItemProxy section */

/* Begin PBXFileReference section */
		8CFFF0AD2DDF917B00F8CE7E /* SampleAppForHelpshift.app */ = {isa = PBXFileReference; explicitFileType = wrapper.application; includeInIndex = 0; path = SampleAppForHelpshift.app; sourceTree = BUILT_PRODUCTS_DIR; };
		8CFFF0B02DDF917B00F8CE7E /* SampleAppForHelpshiftApp.swift */ = {isa = PBXFileReference; lastKnownFileType = sourcecode.swift; path = SampleAppForHelpshiftApp.swift; sourceTree = "<group>"; };
		8CFFF0B22DDF917B00F8CE7E /* ContentView.swift */ = {isa = PBXFileReference; lastKnownFileType = sourcecode.swift; path = ContentView.swift; sourceTree = "<group>"; };
		8CFFF0B42DDF917E00F8CE7E /* Assets.xcassets */ = {isa = PBXFileReference; lastKnownFileType = folder.assetcatalog; path = Assets.xcassets; sourceTree = "<group>"; };
		8CFFF0B72DDF917E00F8CE7E /* Preview Assets.xcassets */ = {isa = PBXFileReference; lastKnownFileType = folder.assetcatalog; path = "Preview Assets.xcassets"; sourceTree = "<group>"; };
		8CFFF0BD2DDF917E00F8CE7E /* SampleAppForHelpshiftTests.xctest */ = {isa = PBXFileReference; explicitFileType = wrapper.cfbundle; includeInIndex = 0; path = SampleAppForHelpshiftTests.xctest; sourceTree = BUILT_PRODUCTS_DIR; };
		8CFFF0C12DDF917E00F8CE7E /* SampleAppForHelpshiftTests.swift */ = {isa = PBXFileReference; lastKnownFileType = sourcecode.swift; path = SampleAppForHelpshiftTests.swift; sourceTree = "<group>"; };
		8CFFF0C72DDF917E00F8CE7E /* SampleAppForHelpshiftUITests.xctest */ = {isa = PBXFileReference; explicitFileType = wrapper.cfbundle; includeInIndex = 0; path = SampleAppForHelpshiftUITests.xctest; sourceTree = BUILT_PRODUCTS_DIR; };
		8CFFF0CB2DDF917E00F8CE7E /* SampleAppForHelpshiftUITests.swift */ = {isa = PBXFileReference; lastKnownFileType = sourcecode.swift; path = SampleAppForHelpshiftUITests.swift; sourceTree = "<group>"; };
		8CFFF0CD2DDF917E00F8CE7E /* SampleAppForHelpshiftUITestsLaunchTests.swift */ = {isa = PBXFileReference; lastKnownFileType = sourcecode.swift; path = SampleAppForHelpshiftUITestsLaunchTests.swift; sourceTree = "<group>"; };
		8CFFF0DA2DDF93D800F8CE7E /* DashboardView.swift */ = {isa = PBXFileReference; lastKnownFileType = sourcecode.swift; path = DashboardView.swift; sourceTree = "<group>"; };
		8CFFF0DE2DDF955700F8CE7E /* EditView.swift */ = {isa = PBXFileReference; lastKnownFileType = sourcecode.swift; path = EditView.swift; sourceTree = "<group>"; };
		8CFFF0E22DDF9A6900F8CE7E /* HelpshiftView.swift */ = {isa = PBXFileReference; lastKnownFileType = sourcecode.swift; path = HelpshiftView.swift; sourceTree = "<group>"; };
/* End PBXFileReference section */

/* Begin PBXFrameworksBuildPhase section */
		8CFFF0AA2DDF917B00F8CE7E /* Frameworks */ = {
			isa = PBXFrameworksBuildPhase;
			buildActionMask = 2147483647;
			files = (
				8CFFF0E82DDFA14000F8CE7E /* HelpshiftX in Frameworks */,
			);
			runOnlyForDeploymentPostprocessing = 0;
		};
		8CFFF0BA2DDF917E00F8CE7E /* Frameworks */ = {
			isa = PBXFrameworksBuildPhase;
			buildActionMask = 2147483647;
			files = (
			);
			runOnlyForDeploymentPostprocessing = 0;
		};
		8CFFF0C42DDF917E00F8CE7E /* Frameworks */ = {
			isa = PBXFrameworksBuildPhase;
			buildActionMask = 2147483647;
			files = (
			);
			runOnlyForDeploymentPostprocessing = 0;
		};
/* End PBXFrameworksBuildPhase section */

/* Begin PBXGroup section */
		8CFFF0A42DDF917B00F8CE7E = {
			isa = PBXGroup;
			children = (
				8CFFF0AF2DDF917B00F8CE7E /* SampleAppForHelpshift */,
				8CFFF0C02DDF917E00F8CE7E /* SampleAppForHelpshiftTests */,
				8CFFF0CA2DDF917E00F8CE7E /* SampleAppForHelpshiftUITests */,
				8CFFF0AE2DDF917B00F8CE7E /* Products */,
			);
			sourceTree = "<group>";
		};
		8CFFF0AE2DDF917B00F8CE7E /* Products */ = {
			isa = PBXGroup;
			children = (
				8CFFF0AD2DDF917B00F8CE7E /* SampleAppForHelpshift.app */,
				8CFFF0BD2DDF917E00F8CE7E /* SampleAppForHelpshiftTests.xctest */,
				8CFFF0C72DDF917E00F8CE7E /* SampleAppForHelpshiftUITests.xctest */,
			);
			name = Products;
			sourceTree = "<group>";
		};
		8CFFF0AF2DDF917B00F8CE7E /* SampleAppForHelpshift */ = {
			isa = PBXGroup;
			children = (
				8CFFF0B02DDF917B00F8CE7E /* SampleAppForHelpshiftApp.swift */,
				8CFFF0B22DDF917B00F8CE7E /* ContentView.swift */,
				8CFFF0B42DDF917E00F8CE7E /* Assets.xcassets */,
				8CFFF0B62DDF917E00F8CE7E /* Preview Content */,
				8CFFF0DA2DDF93D800F8CE7E /* DashboardView.swift */,
				8CFFF0DE2DDF955700F8CE7E /* EditView.swift */,
				8CFFF0E22DDF9A6900F8CE7E /* HelpshiftView.swift */,
			);
			path = SampleAppForHelpshift;
			sourceTree = "<group>";
		};
		8CFFF0B62DDF917E00F8CE7E /* Preview Content */ = {
			isa = PBXGroup;
			children = (
				8CFFF0B72DDF917E00F8CE7E /* Preview Assets.xcassets */,
			);
			path = "Preview Content";
			sourceTree = "<group>";
		};
		8CFFF0C02DDF917E00F8CE7E /* SampleAppForHelpshiftTests */ = {
			isa = PBXGroup;
			children = (
				8CFFF0C12DDF917E00F8CE7E /* SampleAppForHelpshiftTests.swift */,
			);
			path = SampleAppForHelpshiftTests;
			sourceTree = "<group>";
		};
		8CFFF0CA2DDF917E00F8CE7E /* SampleAppForHelpshiftUITests */ = {
			isa = PBXGroup;
			children = (
				8CFFF0CB2DDF917E00F8CE7E /* SampleAppForHelpshiftUITests.swift */,
				8CFFF0CD2DDF917E00F8CE7E /* SampleAppForHelpshiftUITestsLaunchTests.swift */,
			);
			path = SampleAppForHelpshiftUITests;
			sourceTree = "<group>";
		};
/* End PBXGroup section */

/* Begin PBXNativeTarget section */
		8CFFF0AC2DDF917B00F8CE7E /* SampleAppForHelpshift */ = {
			isa = PBXNativeTarget;
			buildConfigurationList = 8CFFF0D12DDF917E00F8CE7E /* Build configuration list for PBXNativeTarget "SampleAppForHelpshift" */;
			buildPhases = (
				8CFFF0A92DDF917B00F8CE7E /* Sources */,
				8CFFF0AA2DDF917B00F8CE7E /* Frameworks */,
				8CFFF0AB2DDF917B00F8CE7E /* Resources */,
			);
			buildRules = (
			);
			dependencies = (
			);
			name = SampleAppForHelpshift;
			packageProductDependencies = (
				8CFFF0E72DDFA14000F8CE7E /* HelpshiftX */,
			);
			productName = SampleAppForHelpshift;
			productReference = 8CFFF0AD2DDF917B00F8CE7E /* SampleAppForHelpshift.app */;
			productType = "com.apple.product-type.application";
		};
		8CFFF0BC2DDF917E00F8CE7E /* SampleAppForHelpshiftTests */ = {
			isa = PBXNativeTarget;
			buildConfigurationList = 8CFFF0D42DDF917E00F8CE7E /* Build configuration list for PBXNativeTarget "SampleAppForHelpshiftTests" */;
			buildPhases = (
				8CFFF0B92DDF917E00F8CE7E /* Sources */,
				8CFFF0BA2DDF917E00F8CE7E /* Frameworks */,
				8CFFF0BB2DDF917E00F8CE7E /* Resources */,
			);
			buildRules = (
			);
			dependencies = (
				8CFFF0BF2DDF917E00F8CE7E /* PBXTargetDependency */,
			);
			name = SampleAppForHelpshiftTests;
			productName = SampleAppForHelpshiftTests;
			productReference = 8CFFF0BD2DDF917E00F8CE7E /* SampleAppForHelpshiftTests.xctest */;
			productType = "com.apple.product-type.bundle.unit-test";
		};
		8CFFF0C62DDF917E00F8CE7E /* SampleAppForHelpshiftUITests */ = {
			isa = PBXNativeTarget;
			buildConfigurationList = 8CFFF0D72DDF917E00F8CE7E /* Build configuration list for PBXNativeTarget "SampleAppForHelpshiftUITests" */;
			buildPhases = (
				8CFFF0C32DDF917E00F8CE7E /* Sources */,
				8CFFF0C42DDF917E00F8CE7E /* Frameworks */,
				8CFFF0C52DDF917E00F8CE7E /* Resources */,
			);
			buildRules = (
			);
			dependencies = (
				8CFFF0C92DDF917E00F8CE7E /* PBXTargetDependency */,
			);
			name = SampleAppForHelpshiftUITests;
			productName = SampleAppForHelpshiftUITests;
			productReference = 8CFFF0C72DDF917E00F8CE7E /* SampleAppForHelpshiftUITests.xctest */;
			productType = "com.apple.product-type.bundle.ui-testing";
		};
/* End PBXNativeTarget section */

/* Begin PBXProject section */
		8CFFF0A52DDF917B00F8CE7E /* Project object */ = {
			isa = PBXProject;
			attributes = {
				BuildIndependentTargetsInParallel = 1;
				LastSwiftUpdateCheck = 1540;
				LastUpgradeCheck = 1540;
				TargetAttributes = {
					8CFFF0AC2DDF917B00F8CE7E = {
						CreatedOnToolsVersion = 15.4;
					};
					8CFFF0BC2DDF917E00F8CE7E = {
						CreatedOnToolsVersion = 15.4;
						TestTargetID = 8CFFF0AC2DDF917B00F8CE7E;
					};
					8CFFF0C62DDF917E00F8CE7E = {
						CreatedOnToolsVersion = 15.4;
						TestTargetID = 8CFFF0AC2DDF917B00F8CE7E;
					};
				};
			};
			buildConfigurationList = 8CFFF0A82DDF917B00F8CE7E /* Build configuration list for PBXProject "SampleAppForHelpshift" */;
			compatibilityVersion = "Xcode 14.0";
			developmentRegion = en;
			hasScannedForEncodings = 0;
			knownRegions = (
				en,
				Base,
			);
			mainGroup = 8CFFF0A42DDF917B00F8CE7E;
			packageReferences = (
				8CFFF0E62DDFA14000F8CE7E /* XCRemoteSwiftPackageReference "HelpshiftX" */,
			);
			productRefGroup = 8CFFF0AE2DDF917B00F8CE7E /* Products */;
			projectDirPath = "";
			projectRoot = "";
			targets = (
				8CFFF0AC2DDF917B00F8CE7E /* SampleAppForHelpshift */,
				8CFFF0BC2DDF917E00F8CE7E /* SampleAppForHelpshiftTests */,
				8CFFF0C62DDF917E00F8CE7E /* SampleAppForHelpshiftUITests */,
			);
		};
/* End PBXProject section */

/* Begin PBXResourcesBuildPhase section */
		8CFFF0AB2DDF917B00F8CE7E /* Resources */ = {
			isa = PBXResourcesBuildPhase;
			buildActionMask = 2147483647;
			files = (
				8CFFF0B82DDF917E00F8CE7E /* Preview Assets.xcassets in Resources */,
				8CFFF0B52DDF917E00F8CE7E /* Assets.xcassets in Resources */,
			);
			runOnlyForDeploymentPostprocessing = 0;
		};
		8CFFF0BB2DDF917E00F8CE7E /* Resources */ = {
			isa = PBXResourcesBuildPhase;
			buildActionMask = 2147483647;
			files = (
			);
			runOnlyForDeploymentPostprocessing = 0;
		};
		8CFFF0C52DDF917E00F8CE7E /* Resources */ = {
			isa = PBXResourcesBuildPhase;
			buildActionMask = 2147483647;
			files = (
			);
			runOnlyForDeploymentPostprocessing = 0;
		};
/* End PBXResourcesBuildPhase section */

/* Begin PBXSourcesBuildPhase section */
		8CFFF0A92DDF917B00F8CE7E /* Sources */ = {
			isa = PBXSourcesBuildPhase;
			buildActionMask = 2147483647;
			files = (
				8CFFF0B32DDF917B00F8CE7E /* ContentView.swift in Sources */,
				8CFFF0DB2DDF93D800F8CE7E /* DashboardView.swift in Sources */,
				8CFFF0DF2DDF955700F8CE7E /* EditView.swift in Sources */,
				8CFFF0B12DDF917B00F8CE7E /* SampleAppForHelpshiftApp.swift in Sources */,
				8CFFF0E32DDF9A6900F8CE7E /* HelpshiftView.swift in Sources */,
			);
			runOnlyForDeploymentPostprocessing = 0;
		};
		8CFFF0B92DDF917E00F8CE7E /* Sources */ = {
			isa = PBXSourcesBuildPhase;
			buildActionMask = 2147483647;
			files = (
				8CFFF0E42DDF9A6900F8CE7E /* HelpshiftView.swift in Sources */,
				8CFFF0C22DDF917E00F8CE7E /* SampleAppForHelpshiftTests.swift in Sources */,
				8CFFF0DC2DDF93D800F8CE7E /* DashboardView.swift in Sources */,
				8CFFF0E02DDF955700F8CE7E /* EditView.swift in Sources */,
			);
			runOnlyForDeploymentPostprocessing = 0;
		};
		8CFFF0C32DDF917E00F8CE7E /* Sources */ = {
			isa = PBXSourcesBuildPhase;
			buildActionMask = 2147483647;
			files = (
				8CFFF0CE2DDF917E00F8CE7E /* SampleAppForHelpshiftUITestsLaunchTests.swift in Sources */,
				8CFFF0DD2DDF93D800F8CE7E /* DashboardView.swift in Sources */,
				8CFFF0E12DDF955700F8CE7E /* EditView.swift in Sources */,
				8CFFF0CC2DDF917E00F8CE7E /* SampleAppForHelpshiftUITests.swift in Sources */,
				8CFFF0E52DDF9A6900F8CE7E /* HelpshiftView.swift in Sources */,
			);
			runOnlyForDeploymentPostprocessing = 0;
		};
/* End PBXSourcesBuildPhase section */

/* Begin PBXTargetDependency section */
		8CFFF0BF2DDF917E00F8CE7E /* PBXTargetDependency */ = {
			isa = PBXTargetDependency;
			target = 8CFFF0AC2DDF917B00F8CE7E /* SampleAppForHelpshift */;
			targetProxy = 8CFFF0BE2DDF917E00F8CE7E /* PBXContainerItemProxy */;
		};
		8CFFF0C92DDF917E00F8CE7E /* PBXTargetDependency */ = {
			isa = PBXTargetDependency;
			target = 8CFFF0AC2DDF917B00F8CE7E /* SampleAppForHelpshift */;
			targetProxy = 8CFFF0C82DDF917E00F8CE7E /* PBXContainerItemProxy */;
		};
/* End PBXTargetDependency section */

/* Begin XCBuildConfiguration section */
		8CFFF0CF2DDF917E00F8CE7E /* Debug */ = {
			isa = XCBuildConfiguration;
			buildSettings = {
				ALWAYS_SEARCH_USER_PATHS = NO;
				ASSETCATALOG_COMPILER_GENERATE_SWIFT_ASSET_SYMBOL_EXTENSIONS = YES;
				CLANG_ANALYZER_NONNULL = YES;
				CLANG_ANALYZER_NUMBER_OBJECT_CONVERSION = YES_AGGRESSIVE;
				CLANG_CXX_LANGUAGE_STANDARD = "gnu++20";
				CLANG_ENABLE_MODULES = YES;
				CLANG_ENABLE_OBJC_ARC = YES;
				CLANG_ENABLE_OBJC_WEAK = YES;
				CLANG_WARN_BLOCK_CAPTURE_AUTORELEASING = YES;
				CLANG_WARN_BOOL_CONVERSION = YES;
				CLANG_WARN_COMMA = YES;
				CLANG_WARN_CONSTANT_CONVERSION = YES;
				CLANG_WARN_DEPRECATED_OBJC_IMPLEMENTATIONS = YES;
				CLANG_WARN_DIRECT_OBJC_ISA_USAGE = YES_ERROR;
				CLANG_WARN_DOCUMENTATION_COMMENTS = YES;
				CLANG_WARN_EMPTY_BODY = YES;
				CLANG_WARN_ENUM_CONVERSION = YES;
				CLANG_WARN_INFINITE_RECURSION = YES;
				CLANG_WARN_INT_CONVERSION = YES;
				CLANG_WARN_NON_LITERAL_NULL_CONVERSION = YES;
				CLANG_WARN_OBJC_IMPLICIT_RETAIN_SELF = YES;
				CLANG_WARN_OBJC_LITERAL_CONVERSION = YES;
				CLANG_WARN_OBJC_ROOT_CLASS = YES_ERROR;
				CLANG_WARN_QUOTED_INCLUDE_IN_FRAMEWORK_HEADER = YES;
				CLANG_WARN_RANGE_LOOP_ANALYSIS = YES;
				CLANG_WARN_STRICT_PROTOTYPES = YES;
				CLANG_WARN_SUSPICIOUS_MOVE = YES;
				CLANG_WARN_UNGUARDED_AVAILABILITY = YES_AGGRESSIVE;
				CLANG_WARN_UNREACHABLE_CODE = YES;
				CLANG_WARN__DUPLICATE_METHOD_MATCH = YES;
				COPY_PHASE_STRIP = NO;
				DEBUG_INFORMATION_FORMAT = dwarf;
				ENABLE_STRICT_OBJC_MSGSEND = YES;
				ENABLE_TESTABILITY = YES;
				ENABLE_USER_SCRIPT_SANDBOXING = YES;
				GCC_C_LANGUAGE_STANDARD = gnu17;
				GCC_DYNAMIC_NO_PIC = NO;
				GCC_NO_COMMON_BLOCKS = YES;
				GCC_OPTIMIZATION_LEVEL = 0;
				GCC_PREPROCESSOR_DEFINITIONS = (
					"DEBUG=1",
					"$(inherited)",
				);
				GCC_WARN_64_TO_32_BIT_CONVERSION = YES;
				GCC_WARN_ABOUT_RETURN_TYPE = YES_ERROR;
				GCC_WARN_UNDECLARED_SELECTOR = YES;
				GCC_WARN_UNINITIALIZED_AUTOS = YES_AGGRESSIVE;
				GCC_WARN_UNUSED_FUNCTION = YES;
				GCC_WARN_UNUSED_VARIABLE = YES;
				IPHONEOS_DEPLOYMENT_TARGET = 17.5;
				LOCALIZATION_PREFERS_STRING_CATALOGS = YES;
				MTL_ENABLE_DEBUG_INFO = INCLUDE_SOURCE;
				MTL_FAST_MATH = YES;
				ONLY_ACTIVE_ARCH = YES;
				SDKROOT = iphoneos;
				SWIFT_ACTIVE_COMPILATION_CONDITIONS = "DEBUG $(inherited)";
				SWIFT_OPTIMIZATION_LEVEL = "-Onone";
			};
			name = Debug;
		};
		8CFFF0D02DDF917E00F8CE7E /* Release */ = {
			isa = XCBuildConfiguration;
			buildSettings = {
				ALWAYS_SEARCH_USER_PATHS = NO;
				ASSETCATALOG_COMPILER_GENERATE_SWIFT_ASSET_SYMBOL_EXTENSIONS = YES;
				CLANG_ANALYZER_NONNULL = YES;
				CLANG_ANALYZER_NUMBER_OBJECT_CONVERSION = YES_AGGRESSIVE;
				CLANG_CXX_LANGUAGE_STANDARD = "gnu++20";
				CLANG_ENABLE_MODULES = YES;
				CLANG_ENABLE_OBJC_ARC = YES;
				CLANG_ENABLE_OBJC_WEAK = YES;
				CLANG_WARN_BLOCK_CAPTURE_AUTORELEASING = YES;
				CLANG_WARN_BOOL_CONVERSION = YES;
				CLANG_WARN_COMMA = YES;
				CLANG_WARN_CONSTANT_CONVERSION = YES;
				CLANG_WARN_DEPRECATED_OBJC_IMPLEMENTATIONS = YES;
				CLANG_WARN_DIRECT_OBJC_ISA_USAGE = YES_ERROR;
				CLANG_WARN_DOCUMENTATION_COMMENTS = YES;
				CLANG_WARN_EMPTY_BODY = YES;
				CLANG_WARN_ENUM_CONVERSION = YES;
				CLANG_WARN_INFINITE_RECURSION = YES;
				CLANG_WARN_INT_CONVERSION = YES;
				CLANG_WARN_NON_LITERAL_NULL_CONVERSION = YES;
				CLANG_WARN_OBJC_IMPLICIT_RETAIN_SELF = YES;
				CLANG_WARN_OBJC_LITERAL_CONVERSION = YES;
				CLANG_WARN_OBJC_ROOT_CLASS = YES_ERROR;
				CLANG_WARN_QUOTED_INCLUDE_IN_FRAMEWORK_HEADER = YES;
				CLANG_WARN_RANGE_LOOP_ANALYSIS = YES;
				CLANG_WARN_STRICT_PROTOTYPES = YES;
				CLANG_WARN_SUSPICIOUS_MOVE = YES;
				CLANG_WARN_UNGUARDED_AVAILABILITY = YES_AGGRESSIVE;
				CLANG_WARN_UNREACHABLE_CODE = YES;
				CLANG_WARN__DUPLICATE_METHOD_MATCH = YES;
				COPY_PHASE_STRIP = NO;
				DEBUG_INFORMATION_FORMAT = "dwarf-with-dsym";
				ENABLE_NS_ASSERTIONS = NO;
				ENABLE_STRICT_OBJC_MSGSEND = YES;
				ENABLE_USER_SCRIPT_SANDBOXING = YES;
				GCC_C_LANGUAGE_STANDARD = gnu17;
				GCC_NO_COMMON_BLOCKS = YES;
				GCC_WARN_64_TO_32_BIT_CONVERSION = YES;
				GCC_WARN_ABOUT_RETURN_TYPE = YES_ERROR;
				GCC_WARN_UNDECLARED_SELECTOR = YES;
				GCC_WARN_UNINITIALIZED_AUTOS = YES_AGGRESSIVE;
				GCC_WARN_UNUSED_FUNCTION = YES;
				GCC_WARN_UNUSED_VARIABLE = YES;
				IPHONEOS_DEPLOYMENT_TARGET = 17.5;
				LOCALIZATION_PREFERS_STRING_CATALOGS = YES;
				MTL_ENABLE_DEBUG_INFO = NO;
				MTL_FAST_MATH = YES;
				SDKROOT = iphoneos;
				SWIFT_COMPILATION_MODE = wholemodule;
				VALIDATE_PRODUCT = YES;
			};
			name = Release;
		};
		8CFFF0D22DDF917E00F8CE7E /* Debug */ = {
			isa = XCBuildConfiguration;
			buildSettings = {
				ASSETCATALOG_COMPILER_APPICON_NAME = AppIcon;
				ASSETCATALOG_COMPILER_GLOBAL_ACCENT_COLOR_NAME = AccentColor;
				CODE_SIGN_STYLE = Automatic;
				CURRENT_PROJECT_VERSION = 1;
				DEVELOPMENT_ASSET_PATHS = "\"SampleAppForHelpshift/Preview Content\"";
				DEVELOPMENT_TEAM = 86C8SC428C;
				ENABLE_PREVIEWS = YES;
				GENERATE_INFOPLIST_FILE = YES;
				INFOPLIST_KEY_UIApplicationSceneManifest_Generation = YES;
				INFOPLIST_KEY_UIApplicationSupportsIndirectInputEvents = YES;
				INFOPLIST_KEY_UILaunchScreen_Generation = YES;
				INFOPLIST_KEY_UISupportedInterfaceOrientations_iPad = "UIInterfaceOrientationPortrait UIInterfaceOrientationPortraitUpsideDown UIInterfaceOrientationLandscapeLeft UIInterfaceOrientationLandscapeRight";
				INFOPLIST_KEY_UISupportedInterfaceOrientations_iPhone = "UIInterfaceOrientationPortrait UIInterfaceOrientationLandscapeLeft UIInterfaceOrientationLandscapeRight";
				LD_RUNPATH_SEARCH_PATHS = (
					"$(inherited)",
					"@executable_path/Frameworks",
				);
				MARKETING_VERSION = 1.0;
				PRODUCT_BUNDLE_IDENTIFIER = com.sigabrt.SampleAppForHelpshift;
				PRODUCT_NAME = "$(TARGET_NAME)";
				SWIFT_EMIT_LOC_STRINGS = YES;
				SWIFT_VERSION = 5.0;
				TARGETED_DEVICE_FAMILY = "1,2";
			};
			name = Debug;
		};
		8CFFF0D32DDF917E00F8CE7E /* Release */ = {
			isa = XCBuildConfiguration;
			buildSettings = {
				ASSETCATALOG_COMPILER_APPICON_NAME = AppIcon;
				ASSETCATALOG_COMPILER_GLOBAL_ACCENT_COLOR_NAME = AccentColor;
				CODE_SIGN_STYLE = Automatic;
				CURRENT_PROJECT_VERSION = 1;
				DEVELOPMENT_ASSET_PATHS = "\"SampleAppForHelpshift/Preview Content\"";
				DEVELOPMENT_TEAM = 86C8SC428C;
				ENABLE_PREVIEWS = YES;
				GENERATE_INFOPLIST_FILE = YES;
				INFOPLIST_KEY_UIApplicationSceneManifest_Generation = YES;
				INFOPLIST_KEY_UIApplicationSupportsIndirectInputEvents = YES;
				INFOPLIST_KEY_UILaunchScreen_Generation = YES;
				INFOPLIST_KEY_UISupportedInterfaceOrientations_iPad = "UIInterfaceOrientationPortrait UIInterfaceOrientationPortraitUpsideDown UIInterfaceOrientationLandscapeLeft UIInterfaceOrientationLandscapeRight";
				INFOPLIST_KEY_UISupportedInterfaceOrientations_iPhone = "UIInterfaceOrientationPortrait UIInterfaceOrientationLandscapeLeft UIInterfaceOrientationLandscapeRight";
				LD_RUNPATH_SEARCH_PATHS = (
					"$(inherited)",
					"@executable_path/Frameworks",
				);
				MARKETING_VERSION = 1.0;
				PRODUCT_BUNDLE_IDENTIFIER = com.sigabrt.SampleAppForHelpshift;
				PRODUCT_NAME = "$(TARGET_NAME)";
				SWIFT_EMIT_LOC_STRINGS = YES;
				SWIFT_VERSION = 5.0;
				TARGETED_DEVICE_FAMILY = "1,2";
			};
			name = Release;
		};
		8CFFF0D52DDF917E00F8CE7E /* Debug */ = {
			isa = XCBuildConfiguration;
			buildSettings = {
				ALWAYS_EMBED_SWIFT_STANDARD_LIBRARIES = YES;
				BUNDLE_LOADER = "$(TEST_HOST)";
				CODE_SIGN_STYLE = Automatic;
				CURRENT_PROJECT_VERSION = 1;
				DEVELOPMENT_TEAM = 86C8SC428C;
				GENERATE_INFOPLIST_FILE = YES;
				IPHONEOS_DEPLOYMENT_TARGET = 17.5;
				MARKETING_VERSION = 1.0;
				PRODUCT_BUNDLE_IDENTIFIER = com.sigabrt.SampleAppForHelpshiftTests;
				PRODUCT_NAME = "$(TARGET_NAME)";
				SWIFT_EMIT_LOC_STRINGS = NO;
				SWIFT_VERSION = 5.0;
				TARGETED_DEVICE_FAMILY = "1,2";
				TEST_HOST = "$(BUILT_PRODUCTS_DIR)/SampleAppForHelpshift.app/$(BUNDLE_EXECUTABLE_FOLDER_PATH)/SampleAppForHelpshift";
			};
			name = Debug;
		};
		8CFFF0D62DDF917E00F8CE7E /* Release */ = {
			isa = XCBuildConfiguration;
			buildSettings = {
				ALWAYS_EMBED_SWIFT_STANDARD_LIBRARIES = YES;
				BUNDLE_LOADER = "$(TEST_HOST)";
				CODE_SIGN_STYLE = Automatic;
				CURRENT_PROJECT_VERSION = 1;
				DEVELOPMENT_TEAM = 86C8SC428C;
				GENERATE_INFOPLIST_FILE = YES;
				IPHONEOS_DEPLOYMENT_TARGET = 17.5;
				MARKETING_VERSION = 1.0;
				PRODUCT_BUNDLE_IDENTIFIER = com.sigabrt.SampleAppForHelpshiftTests;
				PRODUCT_NAME = "$(TARGET_NAME)";
				SWIFT_EMIT_LOC_STRINGS = NO;
				SWIFT_VERSION = 5.0;
				TARGETED_DEVICE_FAMILY = "1,2";
				TEST_HOST = "$(BUILT_PRODUCTS_DIR)/SampleAppForHelpshift.app/$(BUNDLE_EXECUTABLE_FOLDER_PATH)/SampleAppForHelpshift";
			};
			name = Release;
		};
		8CFFF0D82DDF917E00F8CE7E /* Debug */ = {
			isa = XCBuildConfiguration;
			buildSettings = {
				ALWAYS_EMBED_SWIFT_STANDARD_LIBRARIES = YES;
				CODE_SIGN_STYLE = Automatic;
				CURRENT_PROJECT_VERSION = 1;
				DEVELOPMENT_TEAM = 86C8SC428C;
				GENERATE_INFOPLIST_FILE = YES;
				MARKETING_VERSION = 1.0;
				PRODUCT_BUNDLE_IDENTIFIER = com.sigabrt.SampleAppForHelpshiftUITests;
				PRODUCT_NAME = "$(TARGET_NAME)";
				SWIFT_EMIT_LOC_STRINGS = NO;
				SWIFT_VERSION = 5.0;
				TARGETED_DEVICE_FAMILY = "1,2";
				TEST_TARGET_NAME = SampleAppForHelpshift;
			};
			name = Debug;
		};
		8CFFF0D92DDF917E00F8CE7E /* Release */ = {
			isa = XCBuildConfiguration;
			buildSettings = {
				ALWAYS_EMBED_SWIFT_STANDARD_LIBRARIES = YES;
				CODE_SIGN_STYLE = Automatic;
				CURRENT_PROJECT_VERSION = 1;
				DEVELOPMENT_TEAM = 86C8SC428C;
				GENERATE_INFOPLIST_FILE = YES;
				MARKETING_VERSION = 1.0;
				PRODUCT_BUNDLE_IDENTIFIER = com.sigabrt.SampleAppForHelpshiftUITests;
				PRODUCT_NAME = "$(TARGET_NAME)";
				SWIFT_EMIT_LOC_STRINGS = NO;
				SWIFT_VERSION = 5.0;
				TARGETED_DEVICE_FAMILY = "1,2";
				TEST_TARGET_NAME = SampleAppForHelpshift;
			};
			name = Release;
		};
/* End XCBuildConfiguration section */

/* Begin XCConfigurationList section */
		8CFFF0A82DDF917B00F8CE7E /* Build configuration list for PBXProject "SampleAppForHelpshift" */ = {
			isa = XCConfigurationList;
			buildConfigurations = (
				8CFFF0CF2DDF917E00F8CE7E /* Debug */,
				8CFFF0D02DDF917E00F8CE7E /* Release */,
			);
			defaultConfigurationIsVisible = 0;
			defaultConfigurationName = Release;
		};
		8CFFF0D12DDF917E00F8CE7E /* Build configuration list for PBXNativeTarget "SampleAppForHelpshift" */ = {
			isa = XCConfigurationList;
			buildConfigurations = (
				8CFFF0D22DDF917E00F8CE7E /* Debug */,
				8CFFF0D32DDF917E00F8CE7E /* Release */,
			);
			defaultConfigurationIsVisible = 0;
			defaultConfigurationName = Release;
		};
		8CFFF0D42DDF917E00F8CE7E /* Build configuration list for PBXNativeTarget "SampleAppForHelpshiftTests" */ = {
			isa = XCConfigurationList;
			buildConfigurations = (
				8CFFF0D52DDF917E00F8CE7E /* Debug */,
				8CFFF0D62DDF917E00F8CE7E /* Release */,
			);
			defaultConfigurationIsVisible = 0;
			defaultConfigurationName = Release;
		};
		8CFFF0D72DDF917E00F8CE7E /* Build configuration list for PBXNativeTarget "SampleAppForHelpshiftUITests" */ = {
			isa = XCConfigurationList;
			buildConfigurations = (
				8CFFF0D82DDF917E00F8CE7E /* Debug */,
				8CFFF0D92DDF917E00F8CE7E /* Release */,
			);
			defaultConfigurationIsVisible = 0;
			defaultConfigurationName = Release;
		};
/* End XCConfigurationList section */

/* Begin XCRemoteSwiftPackageReference section */
		8CFFF0E62DDFA14000F8CE7E /* XCRemoteSwiftPackageReference "HelpshiftX" */ = {
			isa = XCRemoteSwiftPackageReference;
			repositoryURL = "https://github.com/helpshift/HelpshiftX";
			requirement = {
				kind = exactVersion;
				version = 10.4.1;
			};
		};
/* End XCRemoteSwiftPackageReference section */

/* Begin XCSwiftPackageProductDependency section */
		8CFFF0E72DDFA14000F8CE7E /* HelpshiftX */ = {
			isa = XCSwiftPackageProductDependency;
			package = 8CFFF0E62DDFA14000F8CE7E /* XCRemoteSwiftPackageReference "HelpshiftX" */;
			productName = HelpshiftX;
		};
/* End XCSwiftPackageProductDependency section */
	};
	rootObject = 8CFFF0A52DDF917B00F8CE7E /* Project object */;
}
